
Microsoft Visual Studio Solution File, Format Version 12.00
# Visual Studio 15
VisualStudioVersion = 15.0.28307.106
MinimumVisualStudioVersion = 10.0.40219.1
Project("{FAE04EC0-301F-11D3-BF4B-00C04F79EFBC}") = "XMLBasic", "XMLBasic\XMLBasic.csproj", "{F8871A42-5A22-4540-B649-AE808BF6D28A}"
EndProject
Project("{FAE04EC0-301F-11D3-BF4B-00C04F79EFBC}") = "XMLBasic.Tests", "XMLBasic.Tests\XMLBasic.Tests.csproj", "{3B81EC57-756B-4CF0-9DE6-7ECE6666AB1D}"
EndProject
Global
	GlobalSection(SolutionConfigurationPlatforms) = preSolution
		Debug|Any CPU = Debug|Any CPU
		Release|Any CPU = Release|Any CPU
	EndGlobalSection
	GlobalSection(ProjectConfigurationPlatforms) = postSolution
		{F8871A42-5A22-4540-B649-AE808BF6D28A}.Debug|Any CPU.ActiveCfg = Debug|Any CPU
		{F8871A42-5A22-4540-B649-AE808BF6D28A}.Debug|Any CPU.Build.0 = Debug|Any CPU
		{F8871A42-5A22-4540-B649-AE808BF6D28A}.Release|Any CPU.ActiveCfg = Release|Any CPU
		{F8871A42-5A22-4540-B649-AE808BF6D28A}.Release|Any CPU.Build.0 = Release|Any CPU
		{3B81EC57-756B-4CF0-9DE6-7ECE6666AB1D}.Debug|Any CPU.ActiveCfg = Debug|Any CPU
		{3B81EC57-756B-4CF0-9DE6-7ECE6666AB1D}.Debug|Any CPU.Build.0 = Debug|Any CPU
		{3B81EC57-756B-4CF0-9DE6-7ECE6666AB1D}.Release|Any CPU.ActiveCfg = Release|Any CPU
		{3B81EC57-756B-4CF0-9DE6-7ECE6666AB1D}.Release|Any CPU.Build.0 = Release|Any CPU
	EndGlobalSection
	GlobalSection(SolutionProperties) = preSolution
		HideSolutionNode = FALSE
	EndGlobalSection
	GlobalSection(ExtensibilityGlobals) = postSolution
		SolutionGuid = {A94B839B-A94F-46E4-8F6F-26F5FFD0E0CB}
	EndGlobalSection
EndGlobal
